{
	"name": "mvc",
	"version": "1.0.0",
	"lockfileVersion": 1,
	"requires": true,
	"dependencies": {
		"explain-unicloud": {
			"version": "file:../../../uni_modules/explain-unicloud/uniCloud/cloudfunctions/common/explain-unicloud"
		},
		"explain-unicloud-mvc": {
			"version": "file:../../../uni_modules/explain-unicloud-mvc/uniCloud/cloudfunctions/common/explain-unicloud-mvc",
			"requires": {
				"explain-unicloud": "^2.0.5",
				"lodash": "^4.17.21"
			},
			"dependencies": {
				"explain-unicloud": {
					"version": "2.0.5",
					"resolved": "https://registry.npmjs.org/explain-unicloud/-/explain-unicloud-2.0.5.tgz",
					"integrity": "sha512-0DTJdCJjjqDULUAPq8gORDJS4JL0gJr0yZl2UTI6O2yEVYeGv4ehT2fp54T3FH1lxPuXMcWaLWxagFnT8/gnaQ=="
				},
				"lodash": {
					"version": "4.17.21",
					"resolved": "https://registry.npmjs.org/lodash/-/lodash-4.17.21.tgz",
					"integrity": "sha512-v2kDEe57lecTulaDIuNTPy3Ry4gLGJ6Z1O3vE1krgXZNrsQ+LFTGHVxVjcXPs17LhbZVGedAJv8XZ1tvj5FvSg=="
				}
			}
		}
	}
}
