{
	"name": "mvc",
	"version": "1.0.0",
	"lockfileVersion": 1,
	"requires": true,
	"dependencies": {
		"explain-unicloud": {
			"version": "file:../../../uni_modules/explain-unicloud/uniCloud/cloudfunctions/common/explain-unicloud"
		},
		"explain-unicloud-mvc": {
			"version": "file:../../../uni_modules/explain-unicloud-mvc/uniCloud/cloudfunctions/common/explain-unicloud-mvc",
			"requires": {
				"explain-unicloud": "^2.0.6",
				"lodash": "^4.17.21"
			},
			"dependencies": {
				"explain-unicloud": {
					"version": "2.0.6",
					"resolved": "https://registry.npmjs.org/explain-unicloud/-/explain-unicloud-2.0.6.tgz",
					"integrity": "sha512-yM0NoiUKsVxgXy/81QrJIMCb0R8ioRQLbwcSZoIrEPHB0gYrlAWpReTWpYQGHI2ob2T4ca+mVaR1Pt3gCDkEVA=="
				},
				"lodash": {
					"version": "4.17.21",
					"resolved": "https://registry.npmjs.org/lodash/-/lodash-4.17.21.tgz",
					"integrity": "sha512-v2kDEe57lecTulaDIuNTPy3Ry4gLGJ6Z1O3vE1krgXZNrsQ+LFTGHVxVjcXPs17LhbZVGedAJv8XZ1tvj5FvSg=="
				}
			}
		}
	}
}
